
Microsoft Visual Studio Solution File, Format Version 12.00
# Visual Studio 14
VisualStudioVersion = 14.0.25420.1
MinimumVisualStudioVersion = 10.0.40219.1
Project("{2150E333-8FDC-42A3-9474-1A3956D46DE8}") = "PresentationLayer", "PresentationLayer", "{06056B76-1C2A-4D81-8459-5435F4F4BD6B}"
EndProject
Project("{2150E333-8FDC-42A3-9474-1A3956D46DE8}") = "DataLayer", "DataLayer", "{F6C7CC71-5690-4B23-BEF8-FEE8BB4DFC0B}"
EndProject
Project("{2150E333-8FDC-42A3-9474-1A3956D46DE8}") = "ModelLayer", "ModelLayer", "{042C59C0-1DB2-4A51-A2C7-EADDCF300A46}"
EndProject
Project("{2150E333-8FDC-42A3-9474-1A3956D46DE8}") = "BusinessLayer", "BusinessLayer", "{F3EB02AF-6A5A-4BF6-AF65-DA17945B8BF5}"
EndProject
Project("{2150E333-8FDC-42A3-9474-1A3956D46DE8}") = "ServiceLayer", "ServiceLayer", "{3B58F725-43A4-4042-B7C6-E5AA00B21149}"
EndProject
Project("{FAE04EC0-301F-11D3-BF4B-00C04F79EFBC}") = "Pokno.Business", "Pokno.Business\Pokno.Business.csproj", "{689E50F4-4FC9-486C-AE8A-FE27C1B5C675}"
EndProject
Project("{FAE04EC0-301F-11D3-BF4B-00C04F79EFBC}") = "Pokno.Data", "Pokno.Data\Pokno.Data.csproj", "{818F0B32-EBD4-4F2C-93A5-59A7F2FF185F}"
EndProject
Project("{FAE04EC0-301F-11D3-BF4B-00C04F79EFBC}") = "Pokno.Model", "Pokno.Model\Pokno.Model.csproj", "{158E6D3C-49C2-4294-8E1A-234D1FF09034}"
EndProject
Project("{FAE04EC0-301F-11D3-BF4B-00C04F79EFBC}") = "Pokno.Service", "Pokno.Service\Pokno.Service.csproj", "{829E02F7-6C09-4F46-BD8D-DF68987661AA}"
EndProject
Project("{FAE04EC0-301F-11D3-BF4B-00C04F79EFBC}") = "Pokno.Shell", "Pokno.Shell\Pokno.Shell.csproj", "{55294DDB-6475-4A0F-A937-F499FC07BBB6}"
EndProject
Project("{FAE04EC0-301F-11D3-BF4B-00C04F79EFBC}") = "Pokno.Account", "Pokno.Account\Pokno.Account.csproj", "{DB166563-0838-427B-B62B-F7E475D53FD8}"
EndProject
Project("{FAE04EC0-301F-11D3-BF4B-00C04F79EFBC}") = "Pokno.Home", "Pokno.Home\Pokno.Home.csproj", "{3C26E8C1-0C8B-4777-9FD6-0E8DDD7D08F2}"
EndProject
Project("{FAE04EC0-301F-11D3-BF4B-00C04F79EFBC}") = "Pokno.Infrastructure", "Pokno.Infrastructure\Pokno.Infrastructure.csproj", "{594047C0-D6DE-4ED7-A2E6-579DFEFCB446}"
EndProject
Project("{FAE04EC0-301F-11D3-BF4B-00C04F79EFBC}") = "Pokno.Payment", "Pokno.Payment\Pokno.Payment.csproj", "{7EE03D93-EFA1-4827-B5AD-2B58988C4CA4}"
EndProject
Project("{FAE04EC0-301F-11D3-BF4B-00C04F79EFBC}") = "Pokno.People", "Pokno.People\Pokno.People.csproj", "{533CBC8A-D0EF-4B3E-9B95-3B34DAF4ED1B}"
EndProject
Project("{FAE04EC0-301F-11D3-BF4B-00C04F79EFBC}") = "Pokno.Report", "Pokno.Report\Pokno.Report.csproj", "{55F5BA88-0968-4078-8CBE-577B7D72E3E1}"
EndProject
Project("{FAE04EC0-301F-11D3-BF4B-00C04F79EFBC}") = "Pokno.Store", "Pokno.Store\Pokno.Store.csproj", "{D3770268-6C2C-4D4F-94EF-88A4CB96D19F}"
EndProject
Project("{FAE04EC0-301F-11D3-BF4B-00C04F79EFBC}") = "Pokno.Entity", "Pokno.Entity\Pokno.Entity.csproj", "{B1268F3D-D595-432F-9665-360BE13082E2}"
EndProject
Project("{FAE04EC0-301F-11D3-BF4B-00C04F79EFBC}") = "Pokno.Settings", "Pokno.Settings\Pokno.Settings.csproj", "{8F57A77D-C00B-4355-A2AB-A4226231A9C7}"
EndProject
Project("{FAE04EC0-301F-11D3-BF4B-00C04F79EFBC}") = "Pokno.Help", "Pokno.Help\Pokno.Help.csproj", "{FCD3160B-F07C-45A9-B7B5-EFB0B36B8696}"
EndProject
Project("{F184B08F-C81C-45F6-A57F-5ABD9991F28F}") = "Pokno.NumberConverter", "Pokno.NumberConverter\Pokno.NumberConverter.vbproj", "{11944E99-D8EB-4003-8F9D-25CEBEDB694A}"
EndProject
Project("{FAE04EC0-301F-11D3-BF4B-00C04F79EFBC}") = "Pokno.Common", "Pokno.Common\Pokno.Common.csproj", "{C545ED01-663B-4E29-B1F2-191D4C29BAC1}"
EndProject
Global
	GlobalSection(SolutionConfigurationPlatforms) = preSolution
		CD_ROM|Any CPU = CD_ROM|Any CPU
		Debug|Any CPU = Debug|Any CPU
		DVD-5|Any CPU = DVD-5|Any CPU
		Release|Any CPU = Release|Any CPU
		SingleImage|Any CPU = SingleImage|Any CPU
	EndGlobalSection
	GlobalSection(ProjectConfigurationPlatforms) = postSolution
		{689E50F4-4FC9-486C-AE8A-FE27C1B5C675}.CD_ROM|Any CPU.ActiveCfg = Release|Any CPU
		{689E50F4-4FC9-486C-AE8A-FE27C1B5C675}.CD_ROM|Any CPU.Build.0 = Release|Any CPU
		{689E50F4-4FC9-486C-AE8A-FE27C1B5C675}.Debug|Any CPU.ActiveCfg = Debug|Any CPU
		{689E50F4-4FC9-486C-AE8A-FE27C1B5C675}.Debug|Any CPU.Build.0 = Debug|Any CPU
		{689E50F4-4FC9-486C-AE8A-FE27C1B5C675}.DVD-5|Any CPU.ActiveCfg = Debug|Any CPU
		{689E50F4-4FC9-486C-AE8A-FE27C1B5C675}.DVD-5|Any CPU.Build.0 = Debug|Any CPU
		{689E50F4-4FC9-486C-AE8A-FE27C1B5C675}.Release|Any CPU.ActiveCfg = Release|Any CPU
		{689E50F4-4FC9-486C-AE8A-FE27C1B5C675}.Release|Any CPU.Build.0 = Release|Any CPU
		{689E50F4-4FC9-486C-AE8A-FE27C1B5C675}.SingleImage|Any CPU.ActiveCfg = Release|Any CPU
		{689E50F4-4FC9-486C-AE8A-FE27C1B5C675}.SingleImage|Any CPU.Build.0 = Release|Any CPU
		{818F0B32-EBD4-4F2C-93A5-59A7F2FF185F}.CD_ROM|Any CPU.ActiveCfg = Release|Any CPU
		{818F0B32-EBD4-4F2C-93A5-59A7F2FF185F}.CD_ROM|Any CPU.Build.0 = Release|Any CPU
		{818F0B32-EBD4-4F2C-93A5-59A7F2FF185F}.Debug|Any CPU.ActiveCfg = Debug|Any CPU
		{818F0B32-EBD4-4F2C-93A5-59A7F2FF185F}.Debug|Any CPU.Build.0 = Debug|Any CPU
		{818F0B32-EBD4-4F2C-93A5-59A7F2FF185F}.DVD-5|Any CPU.ActiveCfg = Debug|Any CPU
		{818F0B32-EBD4-4F2C-93A5-59A7F2FF185F}.DVD-5|Any CPU.Build.0 = Debug|Any CPU
		{818F0B32-EBD4-4F2C-93A5-59A7F2FF185F}.Release|Any CPU.ActiveCfg = Release|Any CPU
		{818F0B32-EBD4-4F2C-93A5-59A7F2FF185F}.Release|Any CPU.Build.0 = Release|Any CPU
		{818F0B32-EBD4-4F2C-93A5-59A7F2FF185F}.SingleImage|Any CPU.ActiveCfg = Release|Any CPU
		{818F0B32-EBD4-4F2C-93A5-59A7F2FF185F}.SingleImage|Any CPU.Build.0 = Release|Any CPU
		{158E6D3C-49C2-4294-8E1A-234D1FF09034}.CD_ROM|Any CPU.ActiveCfg = Release|Any CPU
		{158E6D3C-49C2-4294-8E1A-234D1FF09034}.CD_ROM|Any CPU.Build.0 = Release|Any CPU
		{158E6D3C-49C2-4294-8E1A-234D1FF09034}.Debug|Any CPU.ActiveCfg = Debug|Any CPU
		{158E6D3C-49C2-4294-8E1A-234D1FF09034}.Debug|Any CPU.Build.0 = Debug|Any CPU
		{158E6D3C-49C2-4294-8E1A-234D1FF09034}.DVD-5|Any CPU.ActiveCfg = Debug|Any CPU
		{158E6D3C-49C2-4294-8E1A-234D1FF09034}.DVD-5|Any CPU.Build.0 = Debug|Any CPU
		{158E6D3C-49C2-4294-8E1A-234D1FF09034}.Release|Any CPU.ActiveCfg = Release|Any CPU
		{158E6D3C-49C2-4294-8E1A-234D1FF09034}.Release|Any CPU.Build.0 = Release|Any CPU
		{158E6D3C-49C2-4294-8E1A-234D1FF09034}.SingleImage|Any CPU.ActiveCfg = Release|Any CPU
		{158E6D3C-49C2-4294-8E1A-234D1FF09034}.SingleImage|Any CPU.Build.0 = Release|Any CPU
		{829E02F7-6C09-4F46-BD8D-DF68987661AA}.CD_ROM|Any CPU.ActiveCfg = Release|Any CPU
		{829E02F7-6C09-4F46-BD8D-DF68987661AA}.CD_ROM|Any CPU.Build.0 = Release|Any CPU
		{829E02F7-6C09-4F46-BD8D-DF68987661AA}.Debug|Any CPU.ActiveCfg = Debug|Any CPU
		{829E02F7-6C09-4F46-BD8D-DF68987661AA}.Debug|Any CPU.Build.0 = Debug|Any CPU
		{829E02F7-6C09-4F46-BD8D-DF68987661AA}.DVD-5|Any CPU.ActiveCfg = Debug|Any CPU
		{829E02F7-6C09-4F46-BD8D-DF68987661AA}.DVD-5|Any CPU.Build.0 = Debug|Any CPU
		{829E02F7-6C09-4F46-BD8D-DF68987661AA}.Release|Any CPU.ActiveCfg = Release|Any CPU
		{829E02F7-6C09-4F46-BD8D-DF68987661AA}.Release|Any CPU.Build.0 = Release|Any CPU
		{829E02F7-6C09-4F46-BD8D-DF68987661AA}.SingleImage|Any CPU.ActiveCfg = Release|Any CPU
		{829E02F7-6C09-4F46-BD8D-DF68987661AA}.SingleImage|Any CPU.Build.0 = Release|Any CPU
		{55294DDB-6475-4A0F-A937-F499FC07BBB6}.CD_ROM|Any CPU.ActiveCfg = Release|Any CPU
		{55294DDB-6475-4A0F-A937-F499FC07BBB6}.CD_ROM|Any CPU.Build.0 = Release|Any CPU
		{55294DDB-6475-4A0F-A937-F499FC07BBB6}.Debug|Any CPU.ActiveCfg = Debug|Any CPU
		{55294DDB-6475-4A0F-A937-F499FC07BBB6}.Debug|Any CPU.Build.0 = Debug|Any CPU
		{55294DDB-6475-4A0F-A937-F499FC07BBB6}.DVD-5|Any CPU.ActiveCfg = Debug|Any CPU
		{55294DDB-6475-4A0F-A937-F499FC07BBB6}.DVD-5|Any CPU.Build.0 = Debug|Any CPU
		{55294DDB-6475-4A0F-A937-F499FC07BBB6}.Release|Any CPU.ActiveCfg = Release|Any CPU
		{55294DDB-6475-4A0F-A937-F499FC07BBB6}.Release|Any CPU.Build.0 = Release|Any CPU
		{55294DDB-6475-4A0F-A937-F499FC07BBB6}.SingleImage|Any CPU.ActiveCfg = Release|Any CPU
		{55294DDB-6475-4A0F-A937-F499FC07BBB6}.SingleImage|Any CPU.Build.0 = Release|Any CPU
		{DB166563-0838-427B-B62B-F7E475D53FD8}.CD_ROM|Any CPU.ActiveCfg = Release|Any CPU
		{DB166563-0838-427B-B62B-F7E475D53FD8}.CD_ROM|Any CPU.Build.0 = Release|Any CPU
		{DB166563-0838-427B-B62B-F7E475D53FD8}.Debug|Any CPU.ActiveCfg = Debug|Any CPU
		{DB166563-0838-427B-B62B-F7E475D53FD8}.Debug|Any CPU.Build.0 = Debug|Any CPU
		{DB166563-0838-427B-B62B-F7E475D53FD8}.DVD-5|Any CPU.ActiveCfg = Debug|Any CPU
		{DB166563-0838-427B-B62B-F7E475D53FD8}.DVD-5|Any CPU.Build.0 = Debug|Any CPU
		{DB166563-0838-427B-B62B-F7E475D53FD8}.Release|Any CPU.ActiveCfg = Release|Any CPU
		{DB166563-0838-427B-B62B-F7E475D53FD8}.Release|Any CPU.Build.0 = Release|Any CPU
		{DB166563-0838-427B-B62B-F7E475D53FD8}.SingleImage|Any CPU.ActiveCfg = Release|Any CPU
		{DB166563-0838-427B-B62B-F7E475D53FD8}.SingleImage|Any CPU.Build.0 = Release|Any CPU
		{3C26E8C1-0C8B-4777-9FD6-0E8DDD7D08F2}.CD_ROM|Any CPU.ActiveCfg = Release|Any CPU
		{3C26E8C1-0C8B-4777-9FD6-0E8DDD7D08F2}.CD_ROM|Any CPU.Build.0 = Release|Any CPU
		{3C26E8C1-0C8B-4777-9FD6-0E8DDD7D08F2}.Debug|Any CPU.ActiveCfg = Debug|Any CPU
		{3C26E8C1-0C8B-4777-9FD6-0E8DDD7D08F2}.Debug|Any CPU.Build.0 = Debug|Any CPU
		{3C26E8C1-0C8B-4777-9FD6-0E8DDD7D08F2}.DVD-5|Any CPU.ActiveCfg = Debug|Any CPU
		{3C26E8C1-0C8B-4777-9FD6-0E8DDD7D08F2}.DVD-5|Any CPU.Build.0 = Debug|Any CPU
		{3C26E8C1-0C8B-4777-9FD6-0E8DDD7D08F2}.Release|Any CPU.ActiveCfg = Release|Any CPU
		{3C26E8C1-0C8B-4777-9FD6-0E8DDD7D08F2}.Release|Any CPU.Build.0 = Release|Any CPU
		{3C26E8C1-0C8B-4777-9FD6-0E8DDD7D08F2}.SingleImage|Any CPU.ActiveCfg = Release|Any CPU
		{3C26E8C1-0C8B-4777-9FD6-0E8DDD7D08F2}.SingleImage|Any CPU.Build.0 = Release|Any CPU
		{594047C0-D6DE-4ED7-A2E6-579DFEFCB446}.CD_ROM|Any CPU.ActiveCfg = Release|Any CPU
		{594047C0-D6DE-4ED7-A2E6-579DFEFCB446}.CD_ROM|Any CPU.Build.0 = Release|Any CPU
		{594047C0-D6DE-4ED7-A2E6-579DFEFCB446}.Debug|Any CPU.ActiveCfg = Debug|Any CPU
		{594047C0-D6DE-4ED7-A2E6-579DFEFCB446}.Debug|Any CPU.Build.0 = Debug|Any CPU
		{594047C0-D6DE-4ED7-A2E6-579DFEFCB446}.DVD-5|Any CPU.ActiveCfg = Debug|Any CPU
		{594047C0-D6DE-4ED7-A2E6-579DFEFCB446}.DVD-5|Any CPU.Build.0 = Debug|Any CPU
		{594047C0-D6DE-4ED7-A2E6-579DFEFCB446}.Release|Any CPU.ActiveCfg = Release|Any CPU
		{594047C0-D6DE-4ED7-A2E6-579DFEFCB446}.Release|Any CPU.Build.0 = Release|Any CPU
		{594047C0-D6DE-4ED7-A2E6-579DFEFCB446}.SingleImage|Any CPU.ActiveCfg = Release|Any CPU
		{594047C0-D6DE-4ED7-A2E6-579DFEFCB446}.SingleImage|Any CPU.Build.0 = Release|Any CPU
		{7EE03D93-EFA1-4827-B5AD-2B58988C4CA4}.CD_ROM|Any CPU.ActiveCfg = Release|Any CPU
		{7EE03D93-EFA1-4827-B5AD-2B58988C4CA4}.CD_ROM|Any CPU.Build.0 = Release|Any CPU
		{7EE03D93-EFA1-4827-B5AD-2B58988C4CA4}.Debug|Any CPU.ActiveCfg = Debug|Any CPU
		{7EE03D93-EFA1-4827-B5AD-2B58988C4CA4}.Debug|Any CPU.Build.0 = Debug|Any CPU
		{7EE03D93-EFA1-4827-B5AD-2B58988C4CA4}.DVD-5|Any CPU.ActiveCfg = Debug|Any CPU
		{7EE03D93-EFA1-4827-B5AD-2B58988C4CA4}.DVD-5|Any CPU.Build.0 = Debug|Any CPU
		{7EE03D93-EFA1-4827-B5AD-2B58988C4CA4}.Release|Any CPU.ActiveCfg = Release|Any CPU
		{7EE03D93-EFA1-4827-B5AD-2B58988C4CA4}.Release|Any CPU.Build.0 = Release|Any CPU
		{7EE03D93-EFA1-4827-B5AD-2B58988C4CA4}.SingleImage|Any CPU.ActiveCfg = Release|Any CPU
		{7EE03D93-EFA1-4827-B5AD-2B58988C4CA4}.SingleImage|Any CPU.Build.0 = Release|Any CPU
		{533CBC8A-D0EF-4B3E-9B95-3B34DAF4ED1B}.CD_ROM|Any CPU.ActiveCfg = Release|Any CPU
		{533CBC8A-D0EF-4B3E-9B95-3B34DAF4ED1B}.CD_ROM|Any CPU.Build.0 = Release|Any CPU
		{533CBC8A-D0EF-4B3E-9B95-3B34DAF4ED1B}.Debug|Any CPU.ActiveCfg = Debug|Any CPU
		{533CBC8A-D0EF-4B3E-9B95-3B34DAF4ED1B}.Debug|Any CPU.Build.0 = Debug|Any CPU
		{533CBC8A-D0EF-4B3E-9B95-3B34DAF4ED1B}.DVD-5|Any CPU.ActiveCfg = Debug|Any CPU
		{533CBC8A-D0EF-4B3E-9B95-3B34DAF4ED1B}.DVD-5|Any CPU.Build.0 = Debug|Any CPU
		{533CBC8A-D0EF-4B3E-9B95-3B34DAF4ED1B}.Release|Any CPU.ActiveCfg = Release|Any CPU
		{533CBC8A-D0EF-4B3E-9B95-3B34DAF4ED1B}.Release|Any CPU.Build.0 = Release|Any CPU
		{533CBC8A-D0EF-4B3E-9B95-3B34DAF4ED1B}.SingleImage|Any CPU.ActiveCfg = Release|Any CPU
		{533CBC8A-D0EF-4B3E-9B95-3B34DAF4ED1B}.SingleImage|Any CPU.Build.0 = Release|Any CPU
		{55F5BA88-0968-4078-8CBE-577B7D72E3E1}.CD_ROM|Any CPU.ActiveCfg = Release|Any CPU
		{55F5BA88-0968-4078-8CBE-577B7D72E3E1}.CD_ROM|Any CPU.Build.0 = Release|Any CPU
		{55F5BA88-0968-4078-8CBE-577B7D72E3E1}.Debug|Any CPU.ActiveCfg = Debug|Any CPU
		{55F5BA88-0968-4078-8CBE-577B7D72E3E1}.Debug|Any CPU.Build.0 = Debug|Any CPU
		{55F5BA88-0968-4078-8CBE-577B7D72E3E1}.DVD-5|Any CPU.ActiveCfg = Debug|Any CPU
		{55F5BA88-0968-4078-8CBE-577B7D72E3E1}.DVD-5|Any CPU.Build.0 = Debug|Any CPU
		{55F5BA88-0968-4078-8CBE-577B7D72E3E1}.Release|Any CPU.ActiveCfg = Release|Any CPU
		{55F5BA88-0968-4078-8CBE-577B7D72E3E1}.Release|Any CPU.Build.0 = Release|Any CPU
		{55F5BA88-0968-4078-8CBE-577B7D72E3E1}.SingleImage|Any CPU.ActiveCfg = Release|Any CPU
		{55F5BA88-0968-4078-8CBE-577B7D72E3E1}.SingleImage|Any CPU.Build.0 = Release|Any CPU
		{D3770268-6C2C-4D4F-94EF-88A4CB96D19F}.CD_ROM|Any CPU.ActiveCfg = Release|Any CPU
		{D3770268-6C2C-4D4F-94EF-88A4CB96D19F}.CD_ROM|Any CPU.Build.0 = Release|Any CPU
		{D3770268-6C2C-4D4F-94EF-88A4CB96D19F}.Debug|Any CPU.ActiveCfg = Debug|Any CPU
		{D3770268-6C2C-4D4F-94EF-88A4CB96D19F}.Debug|Any CPU.Build.0 = Debug|Any CPU
		{D3770268-6C2C-4D4F-94EF-88A4CB96D19F}.DVD-5|Any CPU.ActiveCfg = Debug|Any CPU
		{D3770268-6C2C-4D4F-94EF-88A4CB96D19F}.DVD-5|Any CPU.Build.0 = Debug|Any CPU
		{D3770268-6C2C-4D4F-94EF-88A4CB96D19F}.Release|Any CPU.ActiveCfg = Release|Any CPU
		{D3770268-6C2C-4D4F-94EF-88A4CB96D19F}.Release|Any CPU.Build.0 = Release|Any CPU
		{D3770268-6C2C-4D4F-94EF-88A4CB96D19F}.SingleImage|Any CPU.ActiveCfg = Release|Any CPU
		{D3770268-6C2C-4D4F-94EF-88A4CB96D19F}.SingleImage|Any CPU.Build.0 = Release|Any CPU
		{B1268F3D-D595-432F-9665-360BE13082E2}.CD_ROM|Any CPU.ActiveCfg = Release|Any CPU
		{B1268F3D-D595-432F-9665-360BE13082E2}.CD_ROM|Any CPU.Build.0 = Release|Any CPU
		{B1268F3D-D595-432F-9665-360BE13082E2}.Debug|Any CPU.ActiveCfg = Debug|Any CPU
		{B1268F3D-D595-432F-9665-360BE13082E2}.Debug|Any CPU.Build.0 = Debug|Any CPU
		{B1268F3D-D595-432F-9665-360BE13082E2}.DVD-5|Any CPU.ActiveCfg = Debug|Any CPU
		{B1268F3D-D595-432F-9665-360BE13082E2}.DVD-5|Any CPU.Build.0 = Debug|Any CPU
		{B1268F3D-D595-432F-9665-360BE13082E2}.Release|Any CPU.ActiveCfg = Release|Any CPU
		{B1268F3D-D595-432F-9665-360BE13082E2}.Release|Any CPU.Build.0 = Release|Any CPU
		{B1268F3D-D595-432F-9665-360BE13082E2}.SingleImage|Any CPU.ActiveCfg = Release|Any CPU
		{B1268F3D-D595-432F-9665-360BE13082E2}.SingleImage|Any CPU.Build.0 = Release|Any CPU
		{8F57A77D-C00B-4355-A2AB-A4226231A9C7}.CD_ROM|Any CPU.ActiveCfg = Release|Any CPU
		{8F57A77D-C00B-4355-A2AB-A4226231A9C7}.CD_ROM|Any CPU.Build.0 = Release|Any CPU
		{8F57A77D-C00B-4355-A2AB-A4226231A9C7}.Debug|Any CPU.ActiveCfg = Debug|Any CPU
		{8F57A77D-C00B-4355-A2AB-A4226231A9C7}.Debug|Any CPU.Build.0 = Debug|Any CPU
		{8F57A77D-C00B-4355-A2AB-A4226231A9C7}.DVD-5|Any CPU.ActiveCfg = Debug|Any CPU
		{8F57A77D-C00B-4355-A2AB-A4226231A9C7}.DVD-5|Any CPU.Build.0 = Debug|Any CPU
		{8F57A77D-C00B-4355-A2AB-A4226231A9C7}.Release|Any CPU.ActiveCfg = Release|Any CPU
		{8F57A77D-C00B-4355-A2AB-A4226231A9C7}.Release|Any CPU.Build.0 = Release|Any CPU
		{8F57A77D-C00B-4355-A2AB-A4226231A9C7}.SingleImage|Any CPU.ActiveCfg = Release|Any CPU
		{8F57A77D-C00B-4355-A2AB-A4226231A9C7}.SingleImage|Any CPU.Build.0 = Release|Any CPU
		{FCD3160B-F07C-45A9-B7B5-EFB0B36B8696}.CD_ROM|Any CPU.ActiveCfg = Release|Any CPU
		{FCD3160B-F07C-45A9-B7B5-EFB0B36B8696}.CD_ROM|Any CPU.Build.0 = Release|Any CPU
		{FCD3160B-F07C-45A9-B7B5-EFB0B36B8696}.Debug|Any CPU.ActiveCfg = Debug|Any CPU
		{FCD3160B-F07C-45A9-B7B5-EFB0B36B8696}.Debug|Any CPU.Build.0 = Debug|Any CPU
		{FCD3160B-F07C-45A9-B7B5-EFB0B36B8696}.DVD-5|Any CPU.ActiveCfg = Debug|Any CPU
		{FCD3160B-F07C-45A9-B7B5-EFB0B36B8696}.DVD-5|Any CPU.Build.0 = Debug|Any CPU
		{FCD3160B-F07C-45A9-B7B5-EFB0B36B8696}.Release|Any CPU.ActiveCfg = Release|Any CPU
		{FCD3160B-F07C-45A9-B7B5-EFB0B36B8696}.Release|Any CPU.Build.0 = Release|Any CPU
		{FCD3160B-F07C-45A9-B7B5-EFB0B36B8696}.SingleImage|Any CPU.ActiveCfg = Release|Any CPU
		{FCD3160B-F07C-45A9-B7B5-EFB0B36B8696}.SingleImage|Any CPU.Build.0 = Release|Any CPU
		{11944E99-D8EB-4003-8F9D-25CEBEDB694A}.CD_ROM|Any CPU.ActiveCfg = Release|Any CPU
		{11944E99-D8EB-4003-8F9D-25CEBEDB694A}.CD_ROM|Any CPU.Build.0 = Release|Any CPU
		{11944E99-D8EB-4003-8F9D-25CEBEDB694A}.Debug|Any CPU.ActiveCfg = Debug|Any CPU
		{11944E99-D8EB-4003-8F9D-25CEBEDB694A}.Debug|Any CPU.Build.0 = Debug|Any CPU
		{11944E99-D8EB-4003-8F9D-25CEBEDB694A}.DVD-5|Any CPU.ActiveCfg = Debug|Any CPU
		{11944E99-D8EB-4003-8F9D-25CEBEDB694A}.DVD-5|Any CPU.Build.0 = Debug|Any CPU
		{11944E99-D8EB-4003-8F9D-25CEBEDB694A}.Release|Any CPU.ActiveCfg = Release|Any CPU
		{11944E99-D8EB-4003-8F9D-25CEBEDB694A}.Release|Any CPU.Build.0 = Release|Any CPU
		{11944E99-D8EB-4003-8F9D-25CEBEDB694A}.SingleImage|Any CPU.ActiveCfg = Release|Any CPU
		{11944E99-D8EB-4003-8F9D-25CEBEDB694A}.SingleImage|Any CPU.Build.0 = Release|Any CPU
		{C545ED01-663B-4E29-B1F2-191D4C29BAC1}.CD_ROM|Any CPU.ActiveCfg = Release|Any CPU
		{C545ED01-663B-4E29-B1F2-191D4C29BAC1}.CD_ROM|Any CPU.Build.0 = Release|Any CPU
		{C545ED01-663B-4E29-B1F2-191D4C29BAC1}.Debug|Any CPU.ActiveCfg = Debug|Any CPU
		{C545ED01-663B-4E29-B1F2-191D4C29BAC1}.Debug|Any CPU.Build.0 = Debug|Any CPU
		{C545ED01-663B-4E29-B1F2-191D4C29BAC1}.DVD-5|Any CPU.ActiveCfg = Debug|Any CPU
		{C545ED01-663B-4E29-B1F2-191D4C29BAC1}.DVD-5|Any CPU.Build.0 = Debug|Any CPU
		{C545ED01-663B-4E29-B1F2-191D4C29BAC1}.Release|Any CPU.ActiveCfg = Release|Any CPU
		{C545ED01-663B-4E29-B1F2-191D4C29BAC1}.Release|Any CPU.Build.0 = Release|Any CPU
		{C545ED01-663B-4E29-B1F2-191D4C29BAC1}.SingleImage|Any CPU.ActiveCfg = Release|Any CPU
		{C545ED01-663B-4E29-B1F2-191D4C29BAC1}.SingleImage|Any CPU.Build.0 = Release|Any CPU
	EndGlobalSection
	GlobalSection(SolutionProperties) = preSolution
		HideSolutionNode = FALSE
	EndGlobalSection
	GlobalSection(NestedProjects) = preSolution
		{689E50F4-4FC9-486C-AE8A-FE27C1B5C675} = {F3EB02AF-6A5A-4BF6-AF65-DA17945B8BF5}
		{818F0B32-EBD4-4F2C-93A5-59A7F2FF185F} = {F6C7CC71-5690-4B23-BEF8-FEE8BB4DFC0B}
		{158E6D3C-49C2-4294-8E1A-234D1FF09034} = {042C59C0-1DB2-4A51-A2C7-EADDCF300A46}
		{829E02F7-6C09-4F46-BD8D-DF68987661AA} = {3B58F725-43A4-4042-B7C6-E5AA00B21149}
		{55294DDB-6475-4A0F-A937-F499FC07BBB6} = {06056B76-1C2A-4D81-8459-5435F4F4BD6B}
		{DB166563-0838-427B-B62B-F7E475D53FD8} = {06056B76-1C2A-4D81-8459-5435F4F4BD6B}
		{3C26E8C1-0C8B-4777-9FD6-0E8DDD7D08F2} = {06056B76-1C2A-4D81-8459-5435F4F4BD6B}
		{594047C0-D6DE-4ED7-A2E6-579DFEFCB446} = {06056B76-1C2A-4D81-8459-5435F4F4BD6B}
		{7EE03D93-EFA1-4827-B5AD-2B58988C4CA4} = {06056B76-1C2A-4D81-8459-5435F4F4BD6B}
		{533CBC8A-D0EF-4B3E-9B95-3B34DAF4ED1B} = {06056B76-1C2A-4D81-8459-5435F4F4BD6B}
		{55F5BA88-0968-4078-8CBE-577B7D72E3E1} = {06056B76-1C2A-4D81-8459-5435F4F4BD6B}
		{D3770268-6C2C-4D4F-94EF-88A4CB96D19F} = {06056B76-1C2A-4D81-8459-5435F4F4BD6B}
		{B1268F3D-D595-432F-9665-360BE13082E2} = {042C59C0-1DB2-4A51-A2C7-EADDCF300A46}
		{8F57A77D-C00B-4355-A2AB-A4226231A9C7} = {06056B76-1C2A-4D81-8459-5435F4F4BD6B}
		{FCD3160B-F07C-45A9-B7B5-EFB0B36B8696} = {06056B76-1C2A-4D81-8459-5435F4F4BD6B}
		{11944E99-D8EB-4003-8F9D-25CEBEDB694A} = {F3EB02AF-6A5A-4BF6-AF65-DA17945B8BF5}
		{C545ED01-663B-4E29-B1F2-191D4C29BAC1} = {06056B76-1C2A-4D81-8459-5435F4F4BD6B}
	EndGlobalSection
EndGlobal
